// !$*UTF8*$!
{
	archiveVersion = 1;
	classes = {
	};
	objectVersion = 46;
	objects = {

/* Begin PBXBuildFile section */
		29295C851F3C682D004C7D3A /* AppDelegate.swift in Sources */ = {isa = PBXBuildFile; fileRef = 29295C841F3C682D004C7D3A /* AppDelegate.swift */; };
		29295C8C1F3C682D004C7D3A /* Assets.xcassets in Resources */ = {isa = PBXBuildFile; fileRef = 29295C8B1F3C682D004C7D3A /* Assets.xcassets */; };
		29295C9A1F3C850A004C7D3A /* LaunchScreen.storyboard in Resources */ = {isa = PBXBuildFile; fileRef = 29295C981F3C850A004C7D3A /* LaunchScreen.storyboard */; };
		29295C9B1F3C850A004C7D3A /* Main.storyboard in Resources */ = {isa = PBXBuildFile; fileRef = 29295C991F3C850A004C7D3A /* Main.storyboard */; };
		29295C9E1F3C8611004C7D3A /* ABWebViewController.swift in Sources */ = {isa = PBXBuildFile; fileRef = 29295C9C1F3C8611004C7D3A /* ABWebViewController.swift */; };
		29295C9F1F3C8611004C7D3A /* ABWebViewController.xib in Resources */ = {isa = PBXBuildFile; fileRef = 29295C9D1F3C8611004C7D3A /* ABWebViewController.xib */; };
		29295CA11F3CA2CF004C7D3A /* MainViewController.swift in Sources */ = {isa = PBXBuildFile; fileRef = 29295CA01F3CA2CF004C7D3A /* MainViewController.swift */; };
		29295CA51F3CB71F004C7D3A /* ABWebView.podspec in Resources */ = {isa = PBXBuildFile; fileRef = 29295CA21F3CB71F004C7D3A /* ABWebView.podspec */; };
		29295CA61F3CB71F004C7D3A /* LICENSE in Resources */ = {isa = PBXBuildFile; fileRef = 29295CA31F3CB71F004C7D3A /* LICENSE */; };
		29295CA71F3CB71F004C7D3A /* README.md in Sources */ = {isa = PBXBuildFile; fileRef = 29295CA41F3CB71F004C7D3A /* README.md */; };
/* End PBXBuildFile section */

/* Begin PBXFileReference section */
		29295C811F3C682D004C7D3A /* ABWebView.app */ = {isa = PBXFileReference; explicitFileType = wrapper.application; includeInIndex = 0; path = ABWebView.app; sourceTree = BUILT_PRODUCTS_DIR; };
		29295C841F3C682D004C7D3A /* AppDelegate.swift */ = {isa = PBXFileReference; lastKnownFileType = sourcecode.swift; path = AppDelegate.swift; sourceTree = "<group>"; };
		29295C8B1F3C682D004C7D3A /* Assets.xcassets */ = {isa = PBXFileReference; lastKnownFileType = folder.assetcatalog; path = Assets.xcassets; sourceTree = "<group>"; };
		29295C901F3C682D004C7D3A /* Info.plist */ = {isa = PBXFileReference; lastKnownFileType = text.plist.xml; path = Info.plist; sourceTree = "<group>"; };
		29295C981F3C850A004C7D3A /* LaunchScreen.storyboard */ = {isa = PBXFileReference; fileEncoding = 4; lastKnownFileType = file.storyboard; path = LaunchScreen.storyboard; sourceTree = "<group>"; };
		29295C991F3C850A004C7D3A /* Main.storyboard */ = {isa = PBXFileReference; fileEncoding = 4; lastKnownFileType = file.storyboard; path = Main.storyboard; sourceTree = "<group>"; };
		29295C9C1F3C8611004C7D3A /* ABWebViewController.swift */ = {isa = PBXFileReference; fileEncoding = 4; lastKnownFileType = sourcecode.swift; path = ABWebViewController.swift; sourceTree = "<group>"; };
		29295C9D1F3C8611004C7D3A /* ABWebViewController.xib */ = {isa = PBXFileReference; fileEncoding = 4; lastKnownFileType = file.xib; path = ABWebViewController.xib; sourceTree = "<group>"; };
		29295CA01F3CA2CF004C7D3A /* MainViewController.swift */ = {isa = PBXFileReference; fileEncoding = 4; lastKnownFileType = sourcecode.swift; path = MainViewController.swift; sourceTree = "<group>"; };
		29295CA21F3CB71F004C7D3A /* ABWebView.podspec */ = {isa = PBXFileReference; fileEncoding = 4; lastKnownFileType = text; path = ABWebView.podspec; sourceTree = "<group>"; };
		29295CA31F3CB71F004C7D3A /* LICENSE */ = {isa = PBXFileReference; fileEncoding = 4; lastKnownFileType = text; path = LICENSE; sourceTree = "<group>"; };
		29295CA41F3CB71F004C7D3A /* README.md */ = {isa = PBXFileReference; fileEncoding = 4; lastKnownFileType = net.daringfireball.markdown; path = README.md; sourceTree = "<group>"; };
/* End PBXFileReference section */

/* Begin PBXFrameworksBuildPhase section */
		29295C7E1F3C682D004C7D3A /* Frameworks */ = {
			isa = PBXFrameworksBuildPhase;
			buildActionMask = 2147483647;
			files = (
			);
			runOnlyForDeploymentPostprocessing = 0;
		};
/* End PBXFrameworksBuildPhase section */

/* Begin PBXGroup section */
		29295C781F3C682D004C7D3A = {
			isa = PBXGroup;
			children = (
				29295CA21F3CB71F004C7D3A /* ABWebView.podspec */,
				29295CA31F3CB71F004C7D3A /* LICENSE */,
				29295CA41F3CB71F004C7D3A /* README.md */,
				29295C831F3C682D004C7D3A /* ABWebView */,
				29295C821F3C682D004C7D3A /* Products */,
			);
			sourceTree = "<group>";
		};
		29295C821F3C682D004C7D3A /* Products */ = {
			isa = PBXGroup;
			children = (
				29295C811F3C682D004C7D3A /* ABWebView.app */,
			);
			name = Products;
			sourceTree = "<group>";
		};
		29295C831F3C682D004C7D3A /* ABWebView */ = {
			isa = PBXGroup;
			children = (
				29295C971F3C68FA004C7D3A /* Source */,
				29295C961F3C68A5004C7D3A /* Example */,
			);
			path = ABWebView;
			sourceTree = "<group>";
		};
		29295C961F3C68A5004C7D3A /* Example */ = {
			isa = PBXGroup;
			children = (
				29295C841F3C682D004C7D3A /* AppDelegate.swift */,
				29295CA01F3CA2CF004C7D3A /* MainViewController.swift */,
				29295C981F3C850A004C7D3A /* LaunchScreen.storyboard */,
				29295C991F3C850A004C7D3A /* Main.storyboard */,
				29295C8B1F3C682D004C7D3A /* Assets.xcassets */,
				29295C901F3C682D004C7D3A /* Info.plist */,
			);
			path = Example;
			sourceTree = "<group>";
		};
		29295C971F3C68FA004C7D3A /* Source */ = {
			isa = PBXGroup;
			children = (
				29295C9C1F3C8611004C7D3A /* ABWebViewController.swift */,
				29295C9D1F3C8611004C7D3A /* ABWebViewController.xib */,
			);
			path = Source;
			sourceTree = "<group>";
		};
/* End PBXGroup section */

/* Begin PBXNativeTarget section */
		29295C801F3C682D004C7D3A /* ABWebView */ = {
			isa = PBXNativeTarget;
			buildConfigurationList = 29295C931F3C682D004C7D3A /* Build configuration list for PBXNativeTarget "ABWebView" */;
			buildPhases = (
				29295C7D1F3C682D004C7D3A /* Sources */,
				29295C7E1F3C682D004C7D3A /* Frameworks */,
				29295C7F1F3C682D004C7D3A /* Resources */,
			);
			buildRules = (
			);
			dependencies = (
			);
			name = ABWebView;
			productName = ABWebView;
			productReference = 29295C811F3C682D004C7D3A /* ABWebView.app */;
			productType = "com.apple.product-type.application";
		};
/* End PBXNativeTarget section */

/* Begin PBXProject section */
		29295C791F3C682D004C7D3A /* Project object */ = {
			isa = PBXProject;
			attributes = {
				LastSwiftUpdateCheck = 0830;
				LastUpgradeCheck = 0830;
				ORGANIZATIONNAME = "Asif Bilal";
				TargetAttributes = {
					29295C801F3C682D004C7D3A = {
						CreatedOnToolsVersion = 8.3.3;
						ProvisioningStyle = Automatic;
					};
				};
			};
			buildConfigurationList = 29295C7C1F3C682D004C7D3A /* Build configuration list for PBXProject "ABWebView" */;
			compatibilityVersion = "Xcode 3.2";
			developmentRegion = English;
			hasScannedForEncodings = 0;
			knownRegions = (
				en,
				Base,
			);
			mainGroup = 29295C781F3C682D004C7D3A;
			productRefGroup = 29295C821F3C682D004C7D3A /* Products */;
			projectDirPath = "";
			projectRoot = "";
			targets = (
				29295C801F3C682D004C7D3A /* ABWebView */,
			);
		};
/* End PBXProject section */

/* Begin PBXResourcesBuildPhase section */
		29295C7F1F3C682D004C7D3A /* Resources */ = {
			isa = PBXResourcesBuildPhase;
			buildActionMask = 2147483647;
			files = (
				29295CA61F3CB71F004C7D3A /* LICENSE in Resources */,
				29295C9F1F3C8611004C7D3A /* ABWebViewController.xib in Resources */,
				29295CA51F3CB71F004C7D3A /* ABWebView.podspec in Resources */,
				29295C9B1F3C850A004C7D3A /* Main.storyboard in Resources */,
				29295C8C1F3C682D004C7D3A /* Assets.xcassets in Resources */,
				29295C9A1F3C850A004C7D3A /* LaunchScreen.storyboard in Resources */,
			);
			runOnlyForDeploymentPostprocessing = 0;
		};
/* End PBXResourcesBuildPhase section */

/* Begin PBXSourcesBuildPhase section */
		29295C7D1F3C682D004C7D3A /* Sources */ = {
			isa = PBXSourcesBuildPhase;
			buildActionMask = 2147483647;
			files = (
				29295CA11F3CA2CF004C7D3A /* MainViewController.swift in Sources */,
				29295C9E1F3C8611004C7D3A /* ABWebViewController.swift in Sources */,
				29295CA71F3CB71F004C7D3A /* README.md in Sources */,
				29295C851F3C682D004C7D3A /* AppDelegate.swift in Sources */,
			);
			runOnlyForDeploymentPostprocessing = 0;
		};
/* End PBXSourcesBuildPhase section */

/* Begin XCBuildConfiguration section */
		29295C911F3C682D004C7D3A /* Debug */ = {
			isa = XCBuildConfiguration;
			buildSettings = {
				ALWAYS_SEARCH_USER_PATHS = NO;
				CLANG_ANALYZER_NONNULL = YES;
				CLANG_ANALYZER_NUMBER_OBJECT_CONVERSION = YES_AGGRESSIVE;
				CLANG_CXX_LANGUAGE_STANDARD = "gnu++0x";
				CLANG_CXX_LIBRARY = "libc++";
				CLANG_ENABLE_MODULES = YES;
				CLANG_ENABLE_OBJC_ARC = YES;
				CLANG_WARN_BOOL_CONVERSION = YES;
				CLANG_WARN_CONSTANT_CONVERSION = YES;
				CLANG_WARN_DIRECT_OBJC_ISA_USAGE = YES_ERROR;
				CLANG_WARN_DOCUMENTATION_COMMENTS = YES;
				CLANG_WARN_EMPTY_BODY = YES;
				CLANG_WARN_ENUM_CONVERSION = YES;
				CLANG_WARN_INFINITE_RECURSION = YES;
				CLANG_WARN_INT_CONVERSION = YES;
				CLANG_WARN_OBJC_ROOT_CLASS = YES_ERROR;
				CLANG_WARN_SUSPICIOUS_MOVE = YES;
				CLANG_WARN_UNREACHABLE_CODE = YES;
				CLANG_WARN__DUPLICATE_METHOD_MATCH = YES;
				"CODE_SIGN_IDENTITY[sdk=iphoneos*]" = "iPhone Developer";
				COPY_PHASE_STRIP = NO;
				DEBUG_INFORMATION_FORMAT = dwarf;
				ENABLE_STRICT_OBJC_MSGSEND = YES;
				ENABLE_TESTABILITY = YES;
				GCC_C_LANGUAGE_STANDARD = gnu99;
				GCC_DYNAMIC_NO_PIC = NO;
				GCC_NO_COMMON_BLOCKS = YES;
				GCC_OPTIMIZATION_LEVEL = 0;
				GCC_PREPROCESSOR_DEFINITIONS = (
					"DEBUG=1",
					"$(inherited)",
				);
				GCC_WARN_64_TO_32_BIT_CONVERSION = YES;
				GCC_WARN_ABOUT_RETURN_TYPE = YES_ERROR;
				GCC_WARN_UNDECLARED_SELECTOR = YES;
				GCC_WARN_UNINITIALIZED_AUTOS = YES_AGGRESSIVE;
				GCC_WARN_UNUSED_FUNCTION = YES;
				GCC_WARN_UNUSED_VARIABLE = YES;
				IPHONEOS_DEPLOYMENT_TARGET = 10.3;
				MTL_ENABLE_DEBUG_INFO = YES;
				ONLY_ACTIVE_ARCH = YES;
				SDKROOT = iphoneos;
				SWIFT_ACTIVE_COMPILATION_CONDITIONS = DEBUG;
				SWIFT_OPTIMIZATION_LEVEL = "-Onone";
			};
			name = Debug;
		};
		29295C921F3C682D004C7D3A /* Release */ = {
			isa = XCBuildConfiguration;
			buildSettings = {
				ALWAYS_SEARCH_USER_PATHS = NO;
				CLANG_ANALYZER_NONNULL = YES;
				CLANG_ANALYZER_NUMBER_OBJECT_CONVERSION = YES_AGGRESSIVE;
				CLANG_CXX_LANGUAGE_STANDARD = "gnu++0x";
				CLANG_CXX_LIBRARY = "libc++";
				CLANG_ENABLE_MODULES = YES;
				CLANG_ENABLE_OBJC_ARC = YES;
				CLANG_WARN_BOOL_CONVERSION = YES;
				CLANG_WARN_CONSTANT_CONVERSION = YES;
				CLANG_WARN_DIRECT_OBJC_ISA_USAGE = YES_ERROR;
				CLANG_WARN_DOCUMENTATION_COMMENTS = YES;
				CLANG_WARN_EMPTY_BODY = YES;
				CLANG_WARN_ENUM_CONVERSION = YES;
				CLANG_WARN_INFINITE_RECURSION = YES;
				CLANG_WARN_INT_CONVERSION = YES;
				CLANG_WARN_OBJC_ROOT_CLASS = YES_ERROR;
				CLANG_WARN_SUSPICIOUS_MOVE = YES;
				CLANG_WARN_UNREACHABLE_CODE = YES;
				CLANG_WARN__DUPLICATE_METHOD_MATCH = YES;
				"CODE_SIGN_IDENTITY[sdk=iphoneos*]" = "iPhone Developer";
				COPY_PHASE_STRIP = NO;
				DEBUG_INFORMATION_FORMAT = "dwarf-with-dsym";
				ENABLE_NS_ASSERTIONS = NO;
				ENABLE_STRICT_OBJC_MSGSEND = YES;
				GCC_C_LANGUAGE_STANDARD = gnu99;
				GCC_NO_COMMON_BLOCKS = YES;
				GCC_WARN_64_TO_32_BIT_CONVERSION = YES;
				GCC_WARN_ABOUT_RETURN_TYPE = YES_ERROR;
				GCC_WARN_UNDECLARED_SELECTOR = YES;
				GCC_WARN_UNINITIALIZED_AUTOS = YES_AGGRESSIVE;
				GCC_WARN_UNUSED_FUNCTION = YES;
				GCC_WARN_UNUSED_VARIABLE = YES;
				IPHONEOS_DEPLOYMENT_TARGET = 10.3;
				MTL_ENABLE_DEBUG_INFO = NO;
				SDKROOT = iphoneos;
				SWIFT_OPTIMIZATION_LEVEL = "-Owholemodule";
				VALIDATE_PRODUCT = YES;
			};
			name = Release;
		};
		29295C941F3C682D004C7D3A /* Debug */ = {
			isa = XCBuildConfiguration;
			buildSettings = {
				ASSETCATALOG_COMPILER_APPICON_NAME = AppIcon;
				INFOPLIST_FILE = "$(SRCROOT)/ABWebView/Example/Info.plist";
				IPHONEOS_DEPLOYMENT_TARGET = 8.0;
				LD_RUNPATH_SEARCH_PATHS = "$(inherited) @executable_path/Frameworks";
				PRODUCT_BUNDLE_IDENTIFIER = com.asifbilal.ABWebView;
				PRODUCT_NAME = "$(TARGET_NAME)";
				SWIFT_VERSION = 3.0;
			};
			name = Debug;
		};
		29295C951F3C682D004C7D3A /* Release */ = {
			isa = XCBuildConfiguration;
			buildSettings = {
				ASSETCATALOG_COMPILER_APPICON_NAME = AppIcon;
				INFOPLIST_FILE = "$(SRCROOT)/ABWebView/Example/Info.plist";
				IPHONEOS_DEPLOYMENT_TARGET = 8.0;
				LD_RUNPATH_SEARCH_PATHS = "$(inherited) @executable_path/Frameworks";
				PRODUCT_BUNDLE_IDENTIFIER = com.asifbilal.ABWebView;
				PRODUCT_NAME = "$(TARGET_NAME)";
				SWIFT_VERSION = 3.0;
			};
			name = Release;
		};
/* End XCBuildConfiguration section */

/* Begin XCConfigurationList section */
		29295C7C1F3C682D004C7D3A /* Build configuration list for PBXProject "ABWebView" */ = {
			isa = XCConfigurationList;
			buildConfigurations = (
				29295C911F3C682D004C7D3A /* Debug */,
				29295C921F3C682D004C7D3A /* Release */,
			);
			defaultConfigurationIsVisible = 0;
			defaultConfigurationName = Release;
		};
		29295C931F3C682D004C7D3A /* Build configuration list for PBXNativeTarget "ABWebView" */ = {
			isa = XCConfigurationList;
			buildConfigurations = (
				29295C941F3C682D004C7D3A /* Debug */,
				29295C951F3C682D004C7D3A /* Release */,
			);
			defaultConfigurationIsVisible = 0;
			defaultConfigurationName = Release;
		};
/* End XCConfigurationList section */
	};
	rootObject = 29295C791F3C682D004C7D3A /* Project object */;
}
